{
  "name": "ew-link-from-origin",
  "version": "0.0.1",
  "lockfileVersion": 3,
  "requires": true,
  "packages": {
    "": {
      "name": "ew-link-from-origin",
      "version": "0.0.1",
      "license": "ISC",
      "dependencies": {
        "@types/akamai-edgeworkers": "^1.1.18"
      },
      "devDependencies": {
        "typescript": "^5.8.2"
      }
    },
    "node_modules/@types/akamai-edgeworkers": {
      "version": "1.1.18",
      "resolved": "https://registry.npmjs.org/@types/akamai-edgeworkers/-/akamai-edgeworkers-1.1.18.tgz",
      "integrity": "sha512-R03TGXqicgtKUX89t6XQs8hRDi0ZP2E+pioQO6WagbUJS8/KOUgEVxFEHc/9Xn6tShKlyuFR8sXVYDnwZFq0Fw==",
      "license": "MIT"
    },
    "node_modules/typescript": {
      "version": "5.8.2",
      "resolved": "https://registry.npmjs.org/typescript/-/typescript-5.8.2.tgz",
      "integrity": "sha512-aJn6wq13/afZp/jT9QZmwEjDqqvSGp1VT5GVg+f/t6/oVyrgXM6BY1h9BRh/O5p3PlUPAe+WuiEZOmb/49RqoQ==",
      "dev": true,
      "license": "Apache-2.0",
      "bin": {
        "tsc": "bin/tsc",
        "tsserver": "bin/tsserver"
      },
      "engines": {
        "node": ">=14.17"
      }
    }
  }
}
